// !$*UTF8*$!
{
	archiveVersion = 1;
	classes = {
	};
	objectVersion = 51;
	objects = {

/* Begin PBXBuildFile section */
		436A0A66259B3FA1000D2D18 /* UIImageView.swift in Sources */ = {isa = PBXBuildFile; fileRef = 436A0A65259B3FA1000D2D18 /* UIImageView.swift */; };
		436A0A97259B4466000D2D18 /* DataManager.swift in Sources */ = {isa = PBXBuildFile; fileRef = 436A0A96259B4466000D2D18 /* DataManager.swift */; };
		436A0AAA259B448E000D2D18 /* MarvelError.swift in Sources */ = {isa = PBXBuildFile; fileRef = 436A0AA9259B448E000D2D18 /* MarvelError.swift */; };
		436A0ADA259B8853000D2D18 /* CharactersTableViewModelTests.swift in Sources */ = {isa = PBXBuildFile; fileRef = 436A0AD9259B8853000D2D18 /* CharactersTableViewModelTests.swift */; };
		436A0AE5259B887F000D2D18 /* CharacterViewModelTests.swift in Sources */ = {isa = PBXBuildFile; fileRef = 436A0AE4259B887F000D2D18 /* CharacterViewModelTests.swift */; };
		436A0AEA259B8942000D2D18 /* characters.json in Resources */ = {isa = PBXBuildFile; fileRef = 436A0AE9259B8942000D2D18 /* characters.json */; };
		436A0AF9259BA358000D2D18 /* MockDataManager.swift in Sources */ = {isa = PBXBuildFile; fileRef = 436A0AF8259BA357000D2D18 /* MockDataManager.swift */; };
		43F91FE42597AEA900294374 /* AppDelegate.swift in Sources */ = {isa = PBXBuildFile; fileRef = 43F91FE32597AEA900294374 /* AppDelegate.swift */; };
		43F91FE62597AEA900294374 /* SceneDelegate.swift in Sources */ = {isa = PBXBuildFile; fileRef = 43F91FE52597AEA900294374 /* SceneDelegate.swift */; };
		43F91FEB2597AEA900294374 /* Main.storyboard in Resources */ = {isa = PBXBuildFile; fileRef = 43F91FE92597AEA900294374 /* Main.storyboard */; };
		43F91FED2597AEAA00294374 /* Assets.xcassets in Resources */ = {isa = PBXBuildFile; fileRef = 43F91FEC2597AEAA00294374 /* Assets.xcassets */; };
		43F91FF02597AEAA00294374 /* LaunchScreen.storyboard in Resources */ = {isa = PBXBuildFile; fileRef = 43F91FEE2597AEAA00294374 /* LaunchScreen.storyboard */; };
		43F920062597AEAA00294374 /* MarvelAppUITests.swift in Sources */ = {isa = PBXBuildFile; fileRef = 43F920052597AEAA00294374 /* MarvelAppUITests.swift */; };
		43F9202B2597B37C00294374 /* CharactersTableViewController.swift in Sources */ = {isa = PBXBuildFile; fileRef = 43F9202A2597B37C00294374 /* CharactersTableViewController.swift */; };
		43F9203C2597B68200294374 /* CharacterTableViewCell.swift in Sources */ = {isa = PBXBuildFile; fileRef = 43F9203B2597B68200294374 /* CharacterTableViewCell.swift */; };
		43F920432597B9D400294374 /* Configuration.swift in Sources */ = {isa = PBXBuildFile; fileRef = 43F920422597B9D400294374 /* Configuration.swift */; };
		43F920492597BC3600294374 /* ServerFetcher.swift in Sources */ = {isa = PBXBuildFile; fileRef = 43F920482597BC3600294374 /* ServerFetcher.swift */; };
		43F920522597BCAC00294374 /* Character.swift in Sources */ = {isa = PBXBuildFile; fileRef = 43F920512597BCAC00294374 /* Character.swift */; };
		43F920682597CCBB00294374 /* CryptoManager.swift in Sources */ = {isa = PBXBuildFile; fileRef = 43F920672597CCBB00294374 /* CryptoManager.swift */; };
		43F920782597F56300294374 /* CharactersList.swift in Sources */ = {isa = PBXBuildFile; fileRef = 43F920772597F56300294374 /* CharactersList.swift */; };
		43F9208C2598E2BA00294374 /* CharactersTableViewModel.swift in Sources */ = {isa = PBXBuildFile; fileRef = 43F9208B2598E2BA00294374 /* CharactersTableViewModel.swift */; };
		43F9209C2598EB7D00294374 /* CharacterViewModel.swift in Sources */ = {isa = PBXBuildFile; fileRef = 43F9209B2598EB7D00294374 /* CharacterViewModel.swift */; };
		43F920A12598EBB200294374 /* CharacterPresentable.swift in Sources */ = {isa = PBXBuildFile; fileRef = 43F920A02598EBB200294374 /* CharacterPresentable.swift */; };
		43F920A92599076100294374 /* Bebas-Regular.ttf in Resources */ = {isa = PBXBuildFile; fileRef = 43F920A82599076100294374 /* Bebas-Regular.ttf */; };
		A544C69DABA0D745A3AE795A /* Pods_MarvelApp_MarvelAppUITests.framework in Frameworks */ = {isa = PBXBuildFile; fileRef = D52CFC1949F83188BE06641B /* Pods_MarvelApp_MarvelAppUITests.framework */; };
		BC66F50226AFBDA7C879A7E5 /* Pods_MarvelApp.framework in Frameworks */ = {isa = PBXBuildFile; fileRef = B0CFB5C3191CD28495873EB2 /* Pods_MarvelApp.framework */; };
		F8C520542A0E82CA1390B567 /* Pods_MarvelAppTests.framework in Frameworks */ = {isa = PBXBuildFile; fileRef = 7D5E052C91A394882FB7F088 /* Pods_MarvelAppTests.framework */; };
/* End PBXBuildFile section */

/* Begin PBXContainerItemProxy section */
		43F91FF72597AEAA00294374 /* PBXContainerItemProxy */ = {
			isa = PBXContainerItemProxy;
			containerPortal = 43F91FD82597AEA900294374 /* Project object */;
			proxyType = 1;
			remoteGlobalIDString = 43F91FDF2597AEA900294374;
			remoteInfo = MarvelApp;
		};
		43F920022597AEAA00294374 /* PBXContainerItemProxy */ = {
			isa = PBXContainerItemProxy;
			containerPortal = 43F91FD82597AEA900294374 /* Project object */;
			proxyType = 1;
			remoteGlobalIDString = 43F91FDF2597AEA900294374;
			remoteInfo = MarvelApp;
		};
/* End PBXContainerItemProxy section */

/* Begin PBXFileReference section */
		2C025BEC8E8C01CB01BFB2F7 /* Pods-MarvelApp-MarvelAppUITests.debug.xcconfig */ = {isa = PBXFileReference; includeInIndex = 1; lastKnownFileType = text.xcconfig; name = "Pods-MarvelApp-MarvelAppUITests.debug.xcconfig"; path = "Target Support Files/Pods-MarvelApp-MarvelAppUITests/Pods-MarvelApp-MarvelAppUITests.debug.xcconfig"; sourceTree = "<group>"; };
		436A0A65259B3FA1000D2D18 /* UIImageView.swift */ = {isa = PBXFileReference; lastKnownFileType = sourcecode.swift; path = UIImageView.swift; sourceTree = "<group>"; };
		436A0A96259B4466000D2D18 /* DataManager.swift */ = {isa = PBXFileReference; fileEncoding = 4; lastKnownFileType = sourcecode.swift; path = DataManager.swift; sourceTree = "<group>"; };
		436A0AA9259B448E000D2D18 /* MarvelError.swift */ = {isa = PBXFileReference; fileEncoding = 4; lastKnownFileType = sourcecode.swift; path = MarvelError.swift; sourceTree = "<group>"; };
		436A0AD9259B8853000D2D18 /* CharactersTableViewModelTests.swift */ = {isa = PBXFileReference; lastKnownFileType = sourcecode.swift; path = CharactersTableViewModelTests.swift; sourceTree = "<group>"; };
		436A0AE4259B887F000D2D18 /* CharacterViewModelTests.swift */ = {isa = PBXFileReference; lastKnownFileType = sourcecode.swift; path = CharacterViewModelTests.swift; sourceTree = "<group>"; };
		436A0AE9259B8942000D2D18 /* characters.json */ = {isa = PBXFileReference; fileEncoding = 4; lastKnownFileType = text.json; path = characters.json; sourceTree = "<group>"; };
		436A0AF8259BA357000D2D18 /* MockDataManager.swift */ = {isa = PBXFileReference; lastKnownFileType = sourcecode.swift; path = MockDataManager.swift; sourceTree = "<group>"; };
		43F91FE02597AEA900294374 /* MarvelApp.app */ = {isa = PBXFileReference; explicitFileType = wrapper.application; includeInIndex = 0; path = MarvelApp.app; sourceTree = BUILT_PRODUCTS_DIR; };
		43F91FE32597AEA900294374 /* AppDelegate.swift */ = {isa = PBXFileReference; lastKnownFileType = sourcecode.swift; path = AppDelegate.swift; sourceTree = "<group>"; };
		43F91FE52597AEA900294374 /* SceneDelegate.swift */ = {isa = PBXFileReference; lastKnownFileType = sourcecode.swift; path = SceneDelegate.swift; sourceTree = "<group>"; };
		43F91FEA2597AEA900294374 /* Base */ = {isa = PBXFileReference; lastKnownFileType = file.storyboard; name = Base; path = Base.lproj/Main.storyboard; sourceTree = "<group>"; };
		43F91FEC2597AEAA00294374 /* Assets.xcassets */ = {isa = PBXFileReference; lastKnownFileType = folder.assetcatalog; path = Assets.xcassets; sourceTree = "<group>"; };
		43F91FEF2597AEAA00294374 /* Base */ = {isa = PBXFileReference; lastKnownFileType = file.storyboard; name = Base; path = Base.lproj/LaunchScreen.storyboard; sourceTree = "<group>"; };
		43F91FF12597AEAA00294374 /* Info.plist */ = {isa = PBXFileReference; lastKnownFileType = text.plist.xml; path = Info.plist; sourceTree = "<group>"; };
		43F91FF62597AEAA00294374 /* MarvelAppTests.xctest */ = {isa = PBXFileReference; explicitFileType = wrapper.cfbundle; includeInIndex = 0; path = MarvelAppTests.xctest; sourceTree = BUILT_PRODUCTS_DIR; };
		43F91FFC2597AEAA00294374 /* Info.plist */ = {isa = PBXFileReference; lastKnownFileType = text.plist.xml; path = Info.plist; sourceTree = "<group>"; };
		43F920012597AEAA00294374 /* MarvelAppUITests.xctest */ = {isa = PBXFileReference; explicitFileType = wrapper.cfbundle; includeInIndex = 0; path = MarvelAppUITests.xctest; sourceTree = BUILT_PRODUCTS_DIR; };
		43F920052597AEAA00294374 /* MarvelAppUITests.swift */ = {isa = PBXFileReference; lastKnownFileType = sourcecode.swift; path = MarvelAppUITests.swift; sourceTree = "<group>"; };
		43F920072597AEAA00294374 /* Info.plist */ = {isa = PBXFileReference; lastKnownFileType = text.plist.xml; path = Info.plist; sourceTree = "<group>"; };
		43F9202A2597B37C00294374 /* CharactersTableViewController.swift */ = {isa = PBXFileReference; lastKnownFileType = sourcecode.swift; path = CharactersTableViewController.swift; sourceTree = "<group>"; };
		43F9203B2597B68200294374 /* CharacterTableViewCell.swift */ = {isa = PBXFileReference; lastKnownFileType = sourcecode.swift; path = CharacterTableViewCell.swift; sourceTree = "<group>"; };
		43F920422597B9D400294374 /* Configuration.swift */ = {isa = PBXFileReference; lastKnownFileType = sourcecode.swift; path = Configuration.swift; sourceTree = "<group>"; };
		43F920482597BC3600294374 /* ServerFetcher.swift */ = {isa = PBXFileReference; lastKnownFileType = sourcecode.swift; path = ServerFetcher.swift; sourceTree = "<group>"; };
		43F920512597BCAC00294374 /* Character.swift */ = {isa = PBXFileReference; lastKnownFileType = sourcecode.swift; path = Character.swift; sourceTree = "<group>"; };
		43F920672597CCBB00294374 /* CryptoManager.swift */ = {isa = PBXFileReference; lastKnownFileType = sourcecode.swift; path = CryptoManager.swift; sourceTree = "<group>"; };
		43F920772597F56300294374 /* CharactersList.swift */ = {isa = PBXFileReference; lastKnownFileType = sourcecode.swift; path = CharactersList.swift; sourceTree = "<group>"; };
		43F9208B2598E2BA00294374 /* CharactersTableViewModel.swift */ = {isa = PBXFileReference; lastKnownFileType = sourcecode.swift; path = CharactersTableViewModel.swift; sourceTree = "<group>"; };
		43F9209B2598EB7D00294374 /* CharacterViewModel.swift */ = {isa = PBXFileReference; lastKnownFileType = sourcecode.swift; path = CharacterViewModel.swift; sourceTree = "<group>"; };
		43F920A02598EBB200294374 /* CharacterPresentable.swift */ = {isa = PBXFileReference; lastKnownFileType = sourcecode.swift; path = CharacterPresentable.swift; sourceTree = "<group>"; };
		43F920A82599076100294374 /* Bebas-Regular.ttf */ = {isa = PBXFileReference; lastKnownFileType = file; path = "Bebas-Regular.ttf"; sourceTree = "<group>"; };
		696F836C01C8C41422B465DD /* Pods-MarvelApp.debug.xcconfig */ = {isa = PBXFileReference; includeInIndex = 1; lastKnownFileType = text.xcconfig; name = "Pods-MarvelApp.debug.xcconfig"; path = "Target Support Files/Pods-MarvelApp/Pods-MarvelApp.debug.xcconfig"; sourceTree = "<group>"; };
		731E401589EEA2586CBD61F9 /* Pods-MarvelApp-MarvelAppUITests.release.xcconfig */ = {isa = PBXFileReference; includeInIndex = 1; lastKnownFileType = text.xcconfig; name = "Pods-MarvelApp-MarvelAppUITests.release.xcconfig"; path = "Target Support Files/Pods-MarvelApp-MarvelAppUITests/Pods-MarvelApp-MarvelAppUITests.release.xcconfig"; sourceTree = "<group>"; };
		7D5E052C91A394882FB7F088 /* Pods_MarvelAppTests.framework */ = {isa = PBXFileReference; explicitFileType = wrapper.framework; includeInIndex = 0; path = Pods_MarvelAppTests.framework; sourceTree = BUILT_PRODUCTS_DIR; };
		8B0BA836FCC418C580E34A3C /* Pods-MarvelApp.release.xcconfig */ = {isa = PBXFileReference; includeInIndex = 1; lastKnownFileType = text.xcconfig; name = "Pods-MarvelApp.release.xcconfig"; path = "Target Support Files/Pods-MarvelApp/Pods-MarvelApp.release.xcconfig"; sourceTree = "<group>"; };
		A4F26EF847EC7DD6E1C7BE3E /* Pods-MarvelAppTests.release.xcconfig */ = {isa = PBXFileReference; includeInIndex = 1; lastKnownFileType = text.xcconfig; name = "Pods-MarvelAppTests.release.xcconfig"; path = "Target Support Files/Pods-MarvelAppTests/Pods-MarvelAppTests.release.xcconfig"; sourceTree = "<group>"; };
		B0CFB5C3191CD28495873EB2 /* Pods_MarvelApp.framework */ = {isa = PBXFileReference; explicitFileType = wrapper.framework; includeInIndex = 0; path = Pods_MarvelApp.framework; sourceTree = BUILT_PRODUCTS_DIR; };
		D52CFC1949F83188BE06641B /* Pods_MarvelApp_MarvelAppUITests.framework */ = {isa = PBXFileReference; explicitFileType = wrapper.framework; includeInIndex = 0; path = Pods_MarvelApp_MarvelAppUITests.framework; sourceTree = BUILT_PRODUCTS_DIR; };
		FE3C253A89BA033F18D05ED7 /* Pods-MarvelAppTests.debug.xcconfig */ = {isa = PBXFileReference; includeInIndex = 1; lastKnownFileType = text.xcconfig; name = "Pods-MarvelAppTests.debug.xcconfig"; path = "Target Support Files/Pods-MarvelAppTests/Pods-MarvelAppTests.debug.xcconfig"; sourceTree = "<group>"; };
/* End PBXFileReference section */

/* Begin PBXFrameworksBuildPhase section */
		43F91FDD2597AEA900294374 /* Frameworks */ = {
			isa = PBXFrameworksBuildPhase;
			buildActionMask = 2147483647;
			files = (
				BC66F50226AFBDA7C879A7E5 /* Pods_MarvelApp.framework in Frameworks */,
			);
			runOnlyForDeploymentPostprocessing = 0;
		};
		43F91FF32597AEAA00294374 /* Frameworks */ = {
			isa = PBXFrameworksBuildPhase;
			buildActionMask = 2147483647;
			files = (
				F8C520542A0E82CA1390B567 /* Pods_MarvelAppTests.framework in Frameworks */,
			);
			runOnlyForDeploymentPostprocessing = 0;
		};
		43F91FFE2597AEAA00294374 /* Frameworks */ = {
			isa = PBXFrameworksBuildPhase;
			buildActionMask = 2147483647;
			files = (
				A544C69DABA0D745A3AE795A /* Pods_MarvelApp_MarvelAppUITests.framework in Frameworks */,
			);
			runOnlyForDeploymentPostprocessing = 0;
		};
/* End PBXFrameworksBuildPhase section */

/* Begin PBXGroup section */
		436A0ACD259B879C000D2D18 /* Test Cases */ = {
			isa = PBXGroup;
			children = (
				436A0AD9259B8853000D2D18 /* CharactersTableViewModelTests.swift */,
				436A0AE4259B887F000D2D18 /* CharacterViewModelTests.swift */,
			);
			path = "Test Cases";
			sourceTree = "<group>";
		};
		436A0ACE259B87AA000D2D18 /* Stubs */ = {
			isa = PBXGroup;
			children = (
				436A0AE9259B8942000D2D18 /* characters.json */,
			);
			path = Stubs;
			sourceTree = "<group>";
		};
		436A0ACF259B87B6000D2D18 /* Extensions */ = {
			isa = PBXGroup;
			children = (
			);
			path = Extensions;
			sourceTree = "<group>";
		};
		436A0AF7259BA34A000D2D18 /* Mocks */ = {
			isa = PBXGroup;
			children = (
				436A0AF8259BA357000D2D18 /* MockDataManager.swift */,
			);
			path = Mocks;
			sourceTree = "<group>";
		};
		43F91FD72597AEA900294374 = {
			isa = PBXGroup;
			children = (
				43F91FE22597AEA900294374 /* MarvelApp */,
				43F91FF92597AEAA00294374 /* MarvelAppTests */,
				43F920042597AEAA00294374 /* MarvelAppUITests */,
				43F91FE12597AEA900294374 /* Products */,
				758AFC1F36844DD532214043 /* Pods */,
				C628B848B19BAA9921ED6492 /* Frameworks */,
			);
			sourceTree = "<group>";
		};
		43F91FE12597AEA900294374 /* Products */ = {
			isa = PBXGroup;
			children = (
				43F91FE02597AEA900294374 /* MarvelApp.app */,
				43F91FF62597AEAA00294374 /* MarvelAppTests.xctest */,
				43F920012597AEAA00294374 /* MarvelAppUITests.xctest */,
			);
			name = Products;
			sourceTree = "<group>";
		};
		43F91FE22597AEA900294374 /* MarvelApp */ = {
			isa = PBXGroup;
			children = (
				43F9201F2597B25C00294374 /* Delegates */,
				43F920202597B26600294374 /* View Controllers */,
				43F920212597B27800294374 /* Storyboards */,
				43F920222597B2A200294374 /* Extensions */,
				43F920502597BC9800294374 /* Models */,
				43F920402597B95200294374 /* Configuration */,
				43F920822598E0CF00294374 /* Protocols */,
				43F920472597BC1D00294374 /* Managers */,
				43F920242597B2CE00294374 /* Resources */,
				43F920232597B2B900294374 /* Supporting Files */,
			);
			path = MarvelApp;
			sourceTree = "<group>";
		};
		43F91FF92597AEAA00294374 /* MarvelAppTests */ = {
			isa = PBXGroup;
			children = (
				436A0ACE259B87AA000D2D18 /* Stubs */,
				436A0AF7259BA34A000D2D18 /* Mocks */,
				436A0ACF259B87B6000D2D18 /* Extensions */,
				436A0ACD259B879C000D2D18 /* Test Cases */,
				43F91FFC2597AEAA00294374 /* Info.plist */,
			);
			path = MarvelAppTests;
			sourceTree = "<group>";
		};
		43F920042597AEAA00294374 /* MarvelAppUITests */ = {
			isa = PBXGroup;
			children = (
				43F920052597AEAA00294374 /* MarvelAppUITests.swift */,
				43F920072597AEAA00294374 /* Info.plist */,
			);
			path = MarvelAppUITests;
			sourceTree = "<group>";
		};
		43F9201F2597B25C00294374 /* Delegates */ = {
			isa = PBXGroup;
			children = (
				43F91FE32597AEA900294374 /* AppDelegate.swift */,
				43F91FE52597AEA900294374 /* SceneDelegate.swift */,
			);
			path = Delegates;
			sourceTree = "<group>";
		};
		43F920202597B26600294374 /* View Controllers */ = {
			isa = PBXGroup;
			children = (
				43F920252597B32A00294374 /* Characters Table View Controller */,
			);
			path = "View Controllers";
			sourceTree = "<group>";
		};
		43F920212597B27800294374 /* Storyboards */ = {
			isa = PBXGroup;
			children = (
				43F91FE92597AEA900294374 /* Main.storyboard */,
				43F91FEE2597AEAA00294374 /* LaunchScreen.storyboard */,
			);
			path = Storyboards;
			sourceTree = "<group>";
		};
		43F920222597B2A200294374 /* Extensions */ = {
			isa = PBXGroup;
			children = (
				436A0A65259B3FA1000D2D18 /* UIImageView.swift */,
			);
			path = Extensions;
			sourceTree = "<group>";
		};
		43F920232597B2B900294374 /* Supporting Files */ = {
			isa = PBXGroup;
			children = (
				43F91FF12597AEAA00294374 /* Info.plist */,
			);
			path = "Supporting Files";
			sourceTree = "<group>";
		};
		43F920242597B2CE00294374 /* Resources */ = {
			isa = PBXGroup;
			children = (
				43F920A72599074A00294374 /* Fonts */,
				43F91FEC2597AEAA00294374 /* Assets.xcassets */,
			);
			path = Resources;
			sourceTree = "<group>";
		};
		43F920252597B32A00294374 /* Characters Table View Controller */ = {
			isa = PBXGroup;
			children = (
				43F9202A2597B37C00294374 /* CharactersTableViewController.swift */,
				43F9202F2597B38F00294374 /* View Models */,
				43F920302597B39C00294374 /* Protocols */,
				43F920312597B3AD00294374 /* Table View Cells */,
			);
			path = "Characters Table View Controller";
			sourceTree = "<group>";
		};
		43F9202F2597B38F00294374 /* View Models */ = {
			isa = PBXGroup;
			children = (
				43F9208B2598E2BA00294374 /* CharactersTableViewModel.swift */,
				43F9209B2598EB7D00294374 /* CharacterViewModel.swift */,
			);
			path = "View Models";
			sourceTree = "<group>";
		};
		43F920302597B39C00294374 /* Protocols */ = {
			isa = PBXGroup;
			children = (
				43F920A02598EBB200294374 /* CharacterPresentable.swift */,
			);
			path = Protocols;
			sourceTree = "<group>";
		};
		43F920312597B3AD00294374 /* Table View Cells */ = {
			isa = PBXGroup;
			children = (
				43F9203B2597B68200294374 /* CharacterTableViewCell.swift */,
			);
			path = "Table View Cells";
			sourceTree = "<group>";
		};
		43F920402597B95200294374 /* Configuration */ = {
			isa = PBXGroup;
			children = (
				43F920422597B9D400294374 /* Configuration.swift */,
			);
			path = Configuration;
			sourceTree = "<group>";
		};
		43F920472597BC1D00294374 /* Managers */ = {
			isa = PBXGroup;
			children = (
				43F920482597BC3600294374 /* ServerFetcher.swift */,
				43F920672597CCBB00294374 /* CryptoManager.swift */,
			);
			path = Managers;
			sourceTree = "<group>";
		};
		43F920502597BC9800294374 /* Models */ = {
			isa = PBXGroup;
			children = (
				43F920772597F56300294374 /* CharactersList.swift */,
				43F920512597BCAC00294374 /* Character.swift */,
				436A0AA9259B448E000D2D18 /* MarvelError.swift */,
			);
			path = Models;
			sourceTree = "<group>";
		};
		43F920822598E0CF00294374 /* Protocols */ = {
			isa = PBXGroup;
			children = (
				436A0A96259B4466000D2D18 /* DataManager.swift */,
			);
			path = Protocols;
			sourceTree = "<group>";
		};
		43F920A72599074A00294374 /* Fonts */ = {
			isa = PBXGroup;
			children = (
				43F920A82599076100294374 /* Bebas-Regular.ttf */,
			);
			path = Fonts;
			sourceTree = "<group>";
		};
		758AFC1F36844DD532214043 /* Pods */ = {
			isa = PBXGroup;
			children = (
				696F836C01C8C41422B465DD /* Pods-MarvelApp.debug.xcconfig */,
				8B0BA836FCC418C580E34A3C /* Pods-MarvelApp.release.xcconfig */,
				2C025BEC8E8C01CB01BFB2F7 /* Pods-MarvelApp-MarvelAppUITests.debug.xcconfig */,
				731E401589EEA2586CBD61F9 /* Pods-MarvelApp-MarvelAppUITests.release.xcconfig */,
				FE3C253A89BA033F18D05ED7 /* Pods-MarvelAppTests.debug.xcconfig */,
				A4F26EF847EC7DD6E1C7BE3E /* Pods-MarvelAppTests.release.xcconfig */,
			);
			path = Pods;
			sourceTree = "<group>";
		};
		C628B848B19BAA9921ED6492 /* Frameworks */ = {
			isa = PBXGroup;
			children = (
				B0CFB5C3191CD28495873EB2 /* Pods_MarvelApp.framework */,
				D52CFC1949F83188BE06641B /* Pods_MarvelApp_MarvelAppUITests.framework */,
				7D5E052C91A394882FB7F088 /* Pods_MarvelAppTests.framework */,
			);
			name = Frameworks;
			sourceTree = "<group>";
		};
/* End PBXGroup section */

/* Begin PBXNativeTarget section */
		43F91FDF2597AEA900294374 /* MarvelApp */ = {
			isa = PBXNativeTarget;
			buildConfigurationList = 43F9200A2597AEAA00294374 /* Build configuration list for PBXNativeTarget "MarvelApp" */;
			buildPhases = (
				8E087AEDC192C0FC77F8ED88 /* [CP] Check Pods Manifest.lock */,
				43F91FDC2597AEA900294374 /* Sources */,
				43F91FDD2597AEA900294374 /* Frameworks */,
				43F91FDE2597AEA900294374 /* Resources */,
				82429201170D7ABC47B604F1 /* [CP] Embed Pods Frameworks */,
			);
			buildRules = (
			);
			dependencies = (
			);
			name = MarvelApp;
			productName = MarvelApp;
			productReference = 43F91FE02597AEA900294374 /* MarvelApp.app */;
			productType = "com.apple.product-type.application";
		};
		43F91FF52597AEAA00294374 /* MarvelAppTests */ = {
			isa = PBXNativeTarget;
			buildConfigurationList = 43F9200D2597AEAA00294374 /* Build configuration list for PBXNativeTarget "MarvelAppTests" */;
			buildPhases = (
				87538A0EDB4474AAFE9DA9D9 /* [CP] Check Pods Manifest.lock */,
				43F91FF22597AEAA00294374 /* Sources */,
				43F91FF32597AEAA00294374 /* Frameworks */,
				43F91FF42597AEAA00294374 /* Resources */,
				99C4C2CA50DA0D7F634B046F /* [CP] Embed Pods Frameworks */,
			);
			buildRules = (
			);
			dependencies = (
				43F91FF82597AEAA00294374 /* PBXTargetDependency */,
			);
			name = MarvelAppTests;
			productName = MarvelAppTests;
			productReference = 43F91FF62597AEAA00294374 /* MarvelAppTests.xctest */;
			productType = "com.apple.product-type.bundle.unit-test";
		};
		43F920002597AEAA00294374 /* MarvelAppUITests */ = {
			isa = PBXNativeTarget;
			buildConfigurationList = 43F920102597AEAA00294374 /* Build configuration list for PBXNativeTarget "MarvelAppUITests" */;
			buildPhases = (
				8F8681E118DD962F9AAA69E7 /* [CP] Check Pods Manifest.lock */,
				43F91FFD2597AEAA00294374 /* Sources */,
				43F91FFE2597AEAA00294374 /* Frameworks */,
				43F91FFF2597AEAA00294374 /* Resources */,
				BCB8FF534AD865FB1068BE17 /* [CP] Embed Pods Frameworks */,
			);
			buildRules = (
			);
			dependencies = (
				43F920032597AEAA00294374 /* PBXTargetDependency */,
			);
			name = MarvelAppUITests;
			productName = MarvelAppUITests;
			productReference = 43F920012597AEAA00294374 /* MarvelAppUITests.xctest */;
			productType = "com.apple.product-type.bundle.ui-testing";
		};
/* End PBXNativeTarget section */

/* Begin PBXProject section */
		43F91FD82597AEA900294374 /* Project object */ = {
			isa = PBXProject;
			attributes = {
				LastSwiftUpdateCheck = 1220;
				LastUpgradeCheck = 1220;
				TargetAttributes = {
					43F91FDF2597AEA900294374 = {
						CreatedOnToolsVersion = 12.2;
					};
					43F91FF52597AEAA00294374 = {
						CreatedOnToolsVersion = 12.2;
						LastSwiftMigration = 1220;
						TestTargetID = 43F91FDF2597AEA900294374;
					};
					43F920002597AEAA00294374 = {
						CreatedOnToolsVersion = 12.2;
						TestTargetID = 43F91FDF2597AEA900294374;
					};
				};
			};
			buildConfigurationList = 43F91FDB2597AEA900294374 /* Build configuration list for PBXProject "MarvelApp" */;
			compatibilityVersion = "Xcode 9.3";
			developmentRegion = en;
			hasScannedForEncodings = 0;
			knownRegions = (
				en,
				Base,
			);
			mainGroup = 43F91FD72597AEA900294374;
			productRefGroup = 43F91FE12597AEA900294374 /* Products */;
			projectDirPath = "";
			projectRoot = "";
			targets = (
				43F91FDF2597AEA900294374 /* MarvelApp */,
				43F91FF52597AEAA00294374 /* MarvelAppTests */,
				43F920002597AEAA00294374 /* MarvelAppUITests */,
			);
		};
/* End PBXProject section */

/* Begin PBXResourcesBuildPhase section */
		43F91FDE2597AEA900294374 /* Resources */ = {
			isa = PBXResourcesBuildPhase;
			buildActionMask = 2147483647;
			files = (
				43F91FF02597AEAA00294374 /* LaunchScreen.storyboard in Resources */,
				43F920A92599076100294374 /* Bebas-Regular.ttf in Resources */,
				43F91FED2597AEAA00294374 /* Assets.xcassets in Resources */,
				43F91FEB2597AEA900294374 /* Main.storyboard in Resources */,
			);
			runOnlyForDeploymentPostprocessing = 0;
		};
		43F91FF42597AEAA00294374 /* Resources */ = {
			isa = PBXResourcesBuildPhase;
			buildActionMask = 2147483647;
			files = (
				436A0AEA259B8942000D2D18 /* characters.json in Resources */,
			);
			runOnlyForDeploymentPostprocessing = 0;
		};
		43F91FFF2597AEAA00294374 /* Resources */ = {
			isa = PBXResourcesBuildPhase;
			buildActionMask = 2147483647;
			files = (
			);
			runOnlyForDeploymentPostprocessing = 0;
		};
/* End PBXResourcesBuildPhase section */

/* Begin PBXShellScriptBuildPhase section */
		82429201170D7ABC47B604F1 /* [CP] Embed Pods Frameworks */ = {
			isa = PBXShellScriptBuildPhase;
			buildActionMask = 2147483647;
			files = (
			);
			inputFileListPaths = (
				"${PODS_ROOT}/Target Support Files/Pods-MarvelApp/Pods-MarvelApp-frameworks-${CONFIGURATION}-input-files.xcfilelist",
			);
			name = "[CP] Embed Pods Frameworks";
			outputFileListPaths = (
				"${PODS_ROOT}/Target Support Files/Pods-MarvelApp/Pods-MarvelApp-frameworks-${CONFIGURATION}-output-files.xcfilelist",
			);
			runOnlyForDeploymentPostprocessing = 0;
			shellPath = /bin/sh;
			shellScript = "\"${PODS_ROOT}/Target Support Files/Pods-MarvelApp/Pods-MarvelApp-frameworks.sh\"\n";
			showEnvVarsInLog = 0;
		};
		87538A0EDB4474AAFE9DA9D9 /* [CP] Check Pods Manifest.lock */ = {
			isa = PBXShellScriptBuildPhase;
			buildActionMask = 2147483647;
			files = (
			);
			inputFileListPaths = (
			);
			inputPaths = (
				"${PODS_PODFILE_DIR_PATH}/Podfile.lock",
				"${PODS_ROOT}/Manifest.lock",
			);
			name = "[CP] Check Pods Manifest.lock";
			outputFileListPaths = (
			);
			outputPaths = (
				"$(DERIVED_FILE_DIR)/Pods-MarvelAppTests-checkManifestLockResult.txt",
			);
			runOnlyForDeploymentPostprocessing = 0;
			shellPath = /bin/sh;
			shellScript = "diff \"${PODS_PODFILE_DIR_PATH}/Podfile.lock\" \"${PODS_ROOT}/Manifest.lock\" > /dev/null\nif [ $? != 0 ] ; then\n    # print error to STDERR\n    echo \"error: The sandbox is not in sync with the Podfile.lock. Run 'pod install' or update your CocoaPods installation.\" >&2\n    exit 1\nfi\n# This output is used by Xcode 'outputs' to avoid re-running this script phase.\necho \"SUCCESS\" > \"${SCRIPT_OUTPUT_FILE_0}\"\n";
			showEnvVarsInLog = 0;
		};
		8E087AEDC192C0FC77F8ED88 /* [CP] Check Pods Manifest.lock */ = {
			isa = PBXShellScriptBuildPhase;
			buildActionMask = 2147483647;
			files = (
			);
			inputFileListPaths = (
			);
			inputPaths = (
				"${PODS_PODFILE_DIR_PATH}/Podfile.lock",
				"${PODS_ROOT}/Manifest.lock",
			);
			name = "[CP] Check Pods Manifest.lock";
			outputFileListPaths = (
			);
			outputPaths = (
				"$(DERIVED_FILE_DIR)/Pods-MarvelApp-checkManifestLockResult.txt",
			);
			runOnlyForDeploymentPostprocessing = 0;
			shellPath = /bin/sh;
			shellScript = "diff \"${PODS_PODFILE_DIR_PATH}/Podfile.lock\" \"${PODS_ROOT}/Manifest.lock\" > /dev/null\nif [ $? != 0 ] ; then\n    # print error to STDERR\n    echo \"error: The sandbox is not in sync with the Podfile.lock. Run 'pod install' or update your CocoaPods installation.\" >&2\n    exit 1\nfi\n# This output is used by Xcode 'outputs' to avoid re-running this script phase.\necho \"SUCCESS\" > \"${SCRIPT_OUTPUT_FILE_0}\"\n";
			showEnvVarsInLog = 0;
		};
		8F8681E118DD962F9AAA69E7 /* [CP] Check Pods Manifest.lock */ = {
			isa = PBXShellScriptBuildPhase;
			buildActionMask = 2147483647;
			files = (
			);
			inputFileListPaths = (
			);
			inputPaths = (
				"${PODS_PODFILE_DIR_PATH}/Podfile.lock",
				"${PODS_ROOT}/Manifest.lock",
			);
			name = "[CP] Check Pods Manifest.lock";
			outputFileListPaths = (
			);
			outputPaths = (
				"$(DERIVED_FILE_DIR)/Pods-MarvelApp-MarvelAppUITests-checkManifestLockResult.txt",
			);
			runOnlyForDeploymentPostprocessing = 0;
			shellPath = /bin/sh;
			shellScript = "diff \"${PODS_PODFILE_DIR_PATH}/Podfile.lock\" \"${PODS_ROOT}/Manifest.lock\" > /dev/null\nif [ $? != 0 ] ; then\n    # print error to STDERR\n    echo \"error: The sandbox is not in sync with the Podfile.lock. Run 'pod install' or update your CocoaPods installation.\" >&2\n    exit 1\nfi\n# This output is used by Xcode 'outputs' to avoid re-running this script phase.\necho \"SUCCESS\" > \"${SCRIPT_OUTPUT_FILE_0}\"\n";
			showEnvVarsInLog = 0;
		};
		99C4C2CA50DA0D7F634B046F /* [CP] Embed Pods Frameworks */ = {
			isa = PBXShellScriptBuildPhase;
			buildActionMask = 2147483647;
			files = (
			);
			inputFileListPaths = (
				"${PODS_ROOT}/Target Support Files/Pods-MarvelAppTests/Pods-MarvelAppTests-frameworks-${CONFIGURATION}-input-files.xcfilelist",
			);
			name = "[CP] Embed Pods Frameworks";
			outputFileListPaths = (
				"${PODS_ROOT}/Target Support Files/Pods-MarvelAppTests/Pods-MarvelAppTests-frameworks-${CONFIGURATION}-output-files.xcfilelist",
			);
			runOnlyForDeploymentPostprocessing = 0;
			shellPath = /bin/sh;
			shellScript = "\"${PODS_ROOT}/Target Support Files/Pods-MarvelAppTests/Pods-MarvelAppTests-frameworks.sh\"\n";
			showEnvVarsInLog = 0;
		};
		BCB8FF534AD865FB1068BE17 /* [CP] Embed Pods Frameworks */ = {
			isa = PBXShellScriptBuildPhase;
			buildActionMask = 2147483647;
			files = (
			);
			inputFileListPaths = (
				"${PODS_ROOT}/Target Support Files/Pods-MarvelApp-MarvelAppUITests/Pods-MarvelApp-MarvelAppUITests-frameworks-${CONFIGURATION}-input-files.xcfilelist",
			);
			name = "[CP] Embed Pods Frameworks";
			outputFileListPaths = (
				"${PODS_ROOT}/Target Support Files/Pods-MarvelApp-MarvelAppUITests/Pods-MarvelApp-MarvelAppUITests-frameworks-${CONFIGURATION}-output-files.xcfilelist",
			);
			runOnlyForDeploymentPostprocessing = 0;
			shellPath = /bin/sh;
			shellScript = "\"${PODS_ROOT}/Target Support Files/Pods-MarvelApp-MarvelAppUITests/Pods-MarvelApp-MarvelAppUITests-frameworks.sh\"\n";
			showEnvVarsInLog = 0;
		};
/* End PBXShellScriptBuildPhase section */

/* Begin PBXSourcesBuildPhase section */
		43F91FDC2597AEA900294374 /* Sources */ = {
			isa = PBXSourcesBuildPhase;
			buildActionMask = 2147483647;
			files = (
				43F91FE42597AEA900294374 /* AppDelegate.swift in Sources */,
				436A0A97259B4466000D2D18 /* DataManager.swift in Sources */,
				436A0AAA259B448E000D2D18 /* MarvelError.swift in Sources */,
				436A0A66259B3FA1000D2D18 /* UIImageView.swift in Sources */,
				43F920A12598EBB200294374 /* CharacterPresentable.swift in Sources */,
				43F9208C2598E2BA00294374 /* CharactersTableViewModel.swift in Sources */,
				43F920492597BC3600294374 /* ServerFetcher.swift in Sources */,
				43F920522597BCAC00294374 /* Character.swift in Sources */,
				43F920432597B9D400294374 /* Configuration.swift in Sources */,
				43F9202B2597B37C00294374 /* CharactersTableViewController.swift in Sources */,
				43F920682597CCBB00294374 /* CryptoManager.swift in Sources */,
				43F9209C2598EB7D00294374 /* CharacterViewModel.swift in Sources */,
				43F91FE62597AEA900294374 /* SceneDelegate.swift in Sources */,
				43F9203C2597B68200294374 /* CharacterTableViewCell.swift in Sources */,
				43F920782597F56300294374 /* CharactersList.swift in Sources */,
			);
			runOnlyForDeploymentPostprocessing = 0;
		};
		43F91FF22597AEAA00294374 /* Sources */ = {
			isa = PBXSourcesBuildPhase;
			buildActionMask = 2147483647;
			files = (
				436A0ADA259B8853000D2D18 /* CharactersTableViewModelTests.swift in Sources */,
				436A0AF9259BA358000D2D18 /* MockDataManager.swift in Sources */,
				436A0AE5259B887F000D2D18 /* CharacterViewModelTests.swift in Sources */,
			);
			runOnlyForDeploymentPostprocessing = 0;
		};
		43F91FFD2597AEAA00294374 /* Sources */ = {
			isa = PBXSourcesBuildPhase;
			buildActionMask = 2147483647;
			files = (
				43F920062597AEAA00294374 /* MarvelAppUITests.swift in Sources */,
			);
			runOnlyForDeploymentPostprocessing = 0;
		};
/* End PBXSourcesBuildPhase section */

/* Begin PBXTargetDependency section */
		43F91FF82597AEAA00294374 /* PBXTargetDependency */ = {
			isa = PBXTargetDependency;
			target = 43F91FDF2597AEA900294374 /* MarvelApp */;
			targetProxy = 43F91FF72597AEAA00294374 /* PBXContainerItemProxy */;
		};
		43F920032597AEAA00294374 /* PBXTargetDependency */ = {
			isa = PBXTargetDependency;
			target = 43F91FDF2597AEA900294374 /* MarvelApp */;
			targetProxy = 43F920022597AEAA00294374 /* PBXContainerItemProxy */;
		};
/* End PBXTargetDependency section */

/* Begin PBXVariantGroup section */
		43F91FE92597AEA900294374 /* Main.storyboard */ = {
			isa = PBXVariantGroup;
			children = (
				43F91FEA2597AEA900294374 /* Base */,
			);
			name = Main.storyboard;
			sourceTree = "<group>";
		};
		43F91FEE2597AEAA00294374 /* LaunchScreen.storyboard */ = {
			isa = PBXVariantGroup;
			children = (
				43F91FEF2597AEAA00294374 /* Base */,
			);
			name = LaunchScreen.storyboard;
			sourceTree = "<group>";
		};
/* End PBXVariantGroup section */

/* Begin XCBuildConfiguration section */
		43F920082597AEAA00294374 /* Debug */ = {
			isa = XCBuildConfiguration;
			buildSettings = {
				ALWAYS_SEARCH_USER_PATHS = NO;
				CLANG_ANALYZER_NONNULL = YES;
				CLANG_ANALYZER_NUMBER_OBJECT_CONVERSION = YES_AGGRESSIVE;
				CLANG_CXX_LANGUAGE_STANDARD = "gnu++14";
				CLANG_CXX_LIBRARY = "libc++";
				CLANG_ENABLE_MODULES = YES;
				CLANG_ENABLE_OBJC_ARC = YES;
				CLANG_ENABLE_OBJC_WEAK = YES;
				CLANG_WARN_BLOCK_CAPTURE_AUTORELEASING = YES;
				CLANG_WARN_BOOL_CONVERSION = YES;
				CLANG_WARN_COMMA = YES;
				CLANG_WARN_CONSTANT_CONVERSION = YES;
				CLANG_WARN_DEPRECATED_OBJC_IMPLEMENTATIONS = YES;
				CLANG_WARN_DIRECT_OBJC_ISA_USAGE = YES_ERROR;
				CLANG_WARN_DOCUMENTATION_COMMENTS = YES;
				CLANG_WARN_EMPTY_BODY = YES;
				CLANG_WARN_ENUM_CONVERSION = YES;
				CLANG_WARN_INFINITE_RECURSION = YES;
				CLANG_WARN_INT_CONVERSION = YES;
				CLANG_WARN_NON_LITERAL_NULL_CONVERSION = YES;
				CLANG_WARN_OBJC_IMPLICIT_RETAIN_SELF = YES;
				CLANG_WARN_OBJC_LITERAL_CONVERSION = YES;
				CLANG_WARN_OBJC_ROOT_CLASS = YES_ERROR;
				CLANG_WARN_QUOTED_INCLUDE_IN_FRAMEWORK_HEADER = YES;
				CLANG_WARN_RANGE_LOOP_ANALYSIS = YES;
				CLANG_WARN_STRICT_PROTOTYPES = YES;
				CLANG_WARN_SUSPICIOUS_MOVE = YES;
				CLANG_WARN_UNGUARDED_AVAILABILITY = YES_AGGRESSIVE;
				CLANG_WARN_UNREACHABLE_CODE = YES;
				CLANG_WARN__DUPLICATE_METHOD_MATCH = YES;
				COPY_PHASE_STRIP = NO;
				DEBUG_INFORMATION_FORMAT = dwarf;
				ENABLE_STRICT_OBJC_MSGSEND = YES;
				ENABLE_TESTABILITY = YES;
				GCC_C_LANGUAGE_STANDARD = gnu11;
				GCC_DYNAMIC_NO_PIC = NO;
				GCC_NO_COMMON_BLOCKS = YES;
				GCC_OPTIMIZATION_LEVEL = 0;
				GCC_PREPROCESSOR_DEFINITIONS = (
					"DEBUG=1",
					"$(inherited)",
				);
				GCC_WARN_64_TO_32_BIT_CONVERSION = YES;
				GCC_WARN_ABOUT_RETURN_TYPE = YES_ERROR;
				GCC_WARN_UNDECLARED_SELECTOR = YES;
				GCC_WARN_UNINITIALIZED_AUTOS = YES_AGGRESSIVE;
				GCC_WARN_UNUSED_FUNCTION = YES;
				GCC_WARN_UNUSED_VARIABLE = YES;
				IPHONEOS_DEPLOYMENT_TARGET = 14.2;
				MTL_ENABLE_DEBUG_INFO = INCLUDE_SOURCE;
				MTL_FAST_MATH = YES;
				ONLY_ACTIVE_ARCH = YES;
				SDKROOT = iphoneos;
				SWIFT_ACTIVE_COMPILATION_CONDITIONS = DEBUG;
				SWIFT_OPTIMIZATION_LEVEL = "-Onone";
			};
			name = Debug;
		};
		43F920092597AEAA00294374 /* Release */ = {
			isa = XCBuildConfiguration;
			buildSettings = {
				ALWAYS_SEARCH_USER_PATHS = NO;
				CLANG_ANALYZER_NONNULL = YES;
				CLANG_ANALYZER_NUMBER_OBJECT_CONVERSION = YES_AGGRESSIVE;
				CLANG_CXX_LANGUAGE_STANDARD = "gnu++14";
				CLANG_CXX_LIBRARY = "libc++";
				CLANG_ENABLE_MODULES = YES;
				CLANG_ENABLE_OBJC_ARC = YES;
				CLANG_ENABLE_OBJC_WEAK = YES;
				CLANG_WARN_BLOCK_CAPTURE_AUTORELEASING = YES;
				CLANG_WARN_BOOL_CONVERSION = YES;
				CLANG_WARN_COMMA = YES;
				CLANG_WARN_CONSTANT_CONVERSION = YES;
				CLANG_WARN_DEPRECATED_OBJC_IMPLEMENTATIONS = YES;
				CLANG_WARN_DIRECT_OBJC_ISA_USAGE = YES_ERROR;
				CLANG_WARN_DOCUMENTATION_COMMENTS = YES;
				CLANG_WARN_EMPTY_BODY = YES;
				CLANG_WARN_ENUM_CONVERSION = YES;
				CLANG_WARN_INFINITE_RECURSION = YES;
				CLANG_WARN_INT_CONVERSION = YES;
				CLANG_WARN_NON_LITERAL_NULL_CONVERSION = YES;
				CLANG_WARN_OBJC_IMPLICIT_RETAIN_SELF = YES;
				CLANG_WARN_OBJC_LITERAL_CONVERSION = YES;
				CLANG_WARN_OBJC_ROOT_CLASS = YES_ERROR;
				CLANG_WARN_QUOTED_INCLUDE_IN_FRAMEWORK_HEADER = YES;
				CLANG_WARN_RANGE_LOOP_ANALYSIS = YES;
				CLANG_WARN_STRICT_PROTOTYPES = YES;
				CLANG_WARN_SUSPICIOUS_MOVE = YES;
				CLANG_WARN_UNGUARDED_AVAILABILITY = YES_AGGRESSIVE;
				CLANG_WARN_UNREACHABLE_CODE = YES;
				CLANG_WARN__DUPLICATE_METHOD_MATCH = YES;
				COPY_PHASE_STRIP = NO;
				DEBUG_INFORMATION_FORMAT = "dwarf-with-dsym";
				ENABLE_NS_ASSERTIONS = NO;
				ENABLE_STRICT_OBJC_MSGSEND = YES;
				GCC_C_LANGUAGE_STANDARD = gnu11;
				GCC_NO_COMMON_BLOCKS = YES;
				GCC_WARN_64_TO_32_BIT_CONVERSION = YES;
				GCC_WARN_ABOUT_RETURN_TYPE = YES_ERROR;
				GCC_WARN_UNDECLARED_SELECTOR = YES;
				GCC_WARN_UNINITIALIZED_AUTOS = YES_AGGRESSIVE;
				GCC_WARN_UNUSED_FUNCTION = YES;
				GCC_WARN_UNUSED_VARIABLE = YES;
				IPHONEOS_DEPLOYMENT_TARGET = 14.2;
				MTL_ENABLE_DEBUG_INFO = NO;
				MTL_FAST_MATH = YES;
				SDKROOT = iphoneos;
				SWIFT_COMPILATION_MODE = wholemodule;
				SWIFT_OPTIMIZATION_LEVEL = "-O";
				VALIDATE_PRODUCT = YES;
			};
			name = Release;
		};
		43F9200B2597AEAA00294374 /* Debug */ = {
			isa = XCBuildConfiguration;
			baseConfigurationReference = 696F836C01C8C41422B465DD /* Pods-MarvelApp.debug.xcconfig */;
			buildSettings = {
				ASSETCATALOG_COMPILER_APPICON_NAME = AppIcon;
				ASSETCATALOG_COMPILER_GLOBAL_ACCENT_COLOR_NAME = AccentColor;
				CODE_SIGN_STYLE = Automatic;
				DEVELOPMENT_TEAM = JV5FAB4U3X;
				INFOPLIST_FILE = "MarvelApp/Supporting Files/Info.plist";
				LD_RUNPATH_SEARCH_PATHS = (
					"$(inherited)",
					"@executable_path/Frameworks",
				);
				PRODUCT_BUNDLE_IDENTIFIER = com.angelabadperez.MarvelApp;
				PRODUCT_NAME = "$(TARGET_NAME)";
				SWIFT_VERSION = 5.0;
				TARGETED_DEVICE_FAMILY = 1;
			};
			name = Debug;
		};
		43F9200C2597AEAA00294374 /* Release */ = {
			isa = XCBuildConfiguration;
			baseConfigurationReference = 8B0BA836FCC418C580E34A3C /* Pods-MarvelApp.release.xcconfig */;
			buildSettings = {
				ASSETCATALOG_COMPILER_APPICON_NAME = AppIcon;
				ASSETCATALOG_COMPILER_GLOBAL_ACCENT_COLOR_NAME = AccentColor;
				CODE_SIGN_STYLE = Automatic;
				DEVELOPMENT_TEAM = JV5FAB4U3X;
				INFOPLIST_FILE = "MarvelApp/Supporting Files/Info.plist";
				LD_RUNPATH_SEARCH_PATHS = (
					"$(inherited)",
					"@executable_path/Frameworks",
				);
				PRODUCT_BUNDLE_IDENTIFIER = com.angelabadperez.MarvelApp;
				PRODUCT_NAME = "$(TARGET_NAME)";
				SWIFT_VERSION = 5.0;
				TARGETED_DEVICE_FAMILY = 1;
			};
			name = Release;
		};
		43F9200E2597AEAA00294374 /* Debug */ = {
			isa = XCBuildConfiguration;
			baseConfigurationReference = FE3C253A89BA033F18D05ED7 /* Pods-MarvelAppTests.debug.xcconfig */;
			buildSettings = {
				ALWAYS_EMBED_SWIFT_STANDARD_LIBRARIES = YES;
				BUNDLE_LOADER = "$(TEST_HOST)";
				CLANG_ENABLE_MODULES = YES;
				CODE_SIGN_STYLE = Automatic;
				DEVELOPMENT_TEAM = JV5FAB4U3X;
				INFOPLIST_FILE = MarvelAppTests/Info.plist;
				IPHONEOS_DEPLOYMENT_TARGET = 14.2;
				LD_RUNPATH_SEARCH_PATHS = (
					"$(inherited)",
					"@executable_path/Frameworks",
					"@loader_path/Frameworks",
				);
				PRODUCT_BUNDLE_IDENTIFIER = com.angelabadperez.MarvelAppTests;
				PRODUCT_NAME = "$(TARGET_NAME)";
				SWIFT_INSTALL_OBJC_HEADER = NO;
				SWIFT_OBJC_BRIDGING_HEADER = "";
				SWIFT_OPTIMIZATION_LEVEL = "-Onone";
				SWIFT_VERSION = 5.0;
				TARGETED_DEVICE_FAMILY = "1,2";
				TEST_HOST = "$(BUILT_PRODUCTS_DIR)/MarvelApp.app/MarvelApp";
			};
			name = Debug;
		};
		43F9200F2597AEAA00294374 /* Release */ = {
			isa = XCBuildConfiguration;
			baseConfigurationReference = A4F26EF847EC7DD6E1C7BE3E /* Pods-MarvelAppTests.release.xcconfig */;
			buildSettings = {
				ALWAYS_EMBED_SWIFT_STANDARD_LIBRARIES = YES;
				BUNDLE_LOADER = "$(TEST_HOST)";
				CLANG_ENABLE_MODULES = YES;
				CODE_SIGN_STYLE = Automatic;
				DEVELOPMENT_TEAM = JV5FAB4U3X;
				INFOPLIST_FILE = MarvelAppTests/Info.plist;
				IPHONEOS_DEPLOYMENT_TARGET = 14.2;
				LD_RUNPATH_SEARCH_PATHS = (
					"$(inherited)",
					"@executable_path/Frameworks",
					"@loader_path/Frameworks",
				);
				PRODUCT_BUNDLE_IDENTIFIER = com.angelabadperez.MarvelAppTests;
				PRODUCT_NAME = "$(TARGET_NAME)";
				SWIFT_INSTALL_OBJC_HEADER = NO;
				SWIFT_OBJC_BRIDGING_HEADER = "";
				SWIFT_VERSION = 5.0;
				TARGETED_DEVICE_FAMILY = "1,2";
				TEST_HOST = "$(BUILT_PRODUCTS_DIR)/MarvelApp.app/MarvelApp";
			};
			name = Release;
		};
		43F920112597AEAA00294374 /* Debug */ = {
			isa = XCBuildConfiguration;
			baseConfigurationReference = 2C025BEC8E8C01CB01BFB2F7 /* Pods-MarvelApp-MarvelAppUITests.debug.xcconfig */;
			buildSettings = {
				ALWAYS_EMBED_SWIFT_STANDARD_LIBRARIES = YES;
				CODE_SIGN_STYLE = Automatic;
				DEVELOPMENT_TEAM = JV5FAB4U3X;
				INFOPLIST_FILE = MarvelAppUITests/Info.plist;
				LD_RUNPATH_SEARCH_PATHS = (
					"$(inherited)",
					"@executable_path/Frameworks",
					"@loader_path/Frameworks",
				);
				PRODUCT_BUNDLE_IDENTIFIER = com.angelabadperez.MarvelAppUITests;
				PRODUCT_NAME = "$(TARGET_NAME)";
				SWIFT_VERSION = 5.0;
				TARGETED_DEVICE_FAMILY = "1,2";
				TEST_TARGET_NAME = MarvelApp;
			};
			name = Debug;
		};
		43F920122597AEAA00294374 /* Release */ = {
			isa = XCBuildConfiguration;
			baseConfigurationReference = 731E401589EEA2586CBD61F9 /* Pods-MarvelApp-MarvelAppUITests.release.xcconfig */;
			buildSettings = {
				ALWAYS_EMBED_SWIFT_STANDARD_LIBRARIES = YES;
				CODE_SIGN_STYLE = Automatic;
				DEVELOPMENT_TEAM = JV5FAB4U3X;
				INFOPLIST_FILE = MarvelAppUITests/Info.plist;
				LD_RUNPATH_SEARCH_PATHS = (
					"$(inherited)",
					"@executable_path/Frameworks",
					"@loader_path/Frameworks",
				);
				PRODUCT_BUNDLE_IDENTIFIER = com.angelabadperez.MarvelAppUITests;
				PRODUCT_NAME = "$(TARGET_NAME)";
				SWIFT_VERSION = 5.0;
				TARGETED_DEVICE_FAMILY = "1,2";
				TEST_TARGET_NAME = MarvelApp;
			};
			name = Release;
		};
/* End XCBuildConfiguration section */

/* Begin XCConfigurationList section */
		43F91FDB2597AEA900294374 /* Build configuration list for PBXProject "MarvelApp" */ = {
			isa = XCConfigurationList;
			buildConfigurations = (
				43F920082597AEAA00294374 /* Debug */,
				43F920092597AEAA00294374 /* Release */,
			);
			defaultConfigurationIsVisible = 0;
			defaultConfigurationName = Release;
		};
		43F9200A2597AEAA00294374 /* Build configuration list for PBXNativeTarget "MarvelApp" */ = {
			isa = XCConfigurationList;
			buildConfigurations = (
				43F9200B2597AEAA00294374 /* Debug */,
				43F9200C2597AEAA00294374 /* Release */,
			);
			defaultConfigurationIsVisible = 0;
			defaultConfigurationName = Release;
		};
		43F9200D2597AEAA00294374 /* Build configuration list for PBXNativeTarget "MarvelAppTests" */ = {
			isa = XCConfigurationList;
			buildConfigurations = (
				43F9200E2597AEAA00294374 /* Debug */,
				43F9200F2597AEAA00294374 /* Release */,
			);
			defaultConfigurationIsVisible = 0;
			defaultConfigurationName = Release;
		};
		43F920102597AEAA00294374 /* Build configuration list for PBXNativeTarget "MarvelAppUITests" */ = {
			isa = XCConfigurationList;
			buildConfigurations = (
				43F920112597AEAA00294374 /* Debug */,
				43F920122597AEAA00294374 /* Release */,
			);
			defaultConfigurationIsVisible = 0;
			defaultConfigurationName = Release;
		};
/* End XCConfigurationList section */
	};
	rootObject = 43F91FD82597AEA900294374 /* Project object */;
}
